// !$*UTF8*$!
{
	archiveVersion = 1;
	classes = {
	};
	objectVersion = 46;
	objects = {

/* Begin PBXBuildFile section */
		0702C4061DAE51C6006C31C3 /* UnicodeMacOSLib.c in Sources */ = {isa = PBXBuildFile; fileRef = 0702C4041DAE51C6006C31C3 /* UnicodeMacOSLib.c */; };
		0702C4091DAE5442006C31C3 /* customFileFunctions.c in Sources */ = {isa = PBXBuildFile; fileRef = 0702C4071DAE5442006C31C3 /* customFileFunctions.c */; };
		0702C40C1DAE553C006C31C3 /* customString.c in Sources */ = {isa = PBXBuildFile; fileRef = 0702C40A1DAE553C006C31C3 /* customString.c */; };
		0702C40F1DAE5720006C31C3 /* IMachineTime.c in Sources */ = {isa = PBXBuildFile; fileRef = 0702C40D1DAE5720006C31C3 /* IMachineTime.c */; };
		0702C4151DAFDAE2006C31C3 /* saveMachineTimeStruct.c in Sources */ = {isa = PBXBuildFile; fileRef = 0702C4141DAFDAE2006C31C3 /* saveMachineTimeStruct.c */; };
		0702C4181DAFE168006C31C3 /* loadBinaryMachineTime.c in Sources */ = {isa = PBXBuildFile; fileRef = 0702C4171DAFE168006C31C3 /* loadBinaryMachineTime.c */; };
		0702C41A1DAFE1DA006C31C3 /* loadTableMachineTime.c in Sources */ = {isa = PBXBuildFile; fileRef = 0702C4191DAFE1DA006C31C3 /* loadTableMachineTime.c */; };
		0702C41C1DAFE661006C31C3 /* getMachineTimeAsTable.c in Sources */ = {isa = PBXBuildFile; fileRef = 0702C41B1DAFE661006C31C3 /* getMachineTimeAsTable.c */; };
		0702C42C1DAFEE2C006C31C3 /* programMenu.c in Sources */ = {isa = PBXBuildFile; fileRef = 0702C4281DAFEE2C006C31C3 /* programMenu.c */; };
		0702C42D1DAFEE2C006C31C3 /* programMenuExtras.c in Sources */ = {isa = PBXBuildFile; fileRef = 0702C42A1DAFEE2C006C31C3 /* programMenuExtras.c */; };
		0702C4311DAFF26E006C31C3 /* programMenuView.c in Sources */ = {isa = PBXBuildFile; fileRef = 0702C42B1DAFEE2C006C31C3 /* programMenuView.c */; };
		070979211DCCFDF70086C181 /* programMenuAdd.c in Sources */ = {isa = PBXBuildFile; fileRef = 0709791F1DCCFDF70086C181 /* programMenuAdd.c */; };
		07172BF81DCF8A4A00294710 /* programMenuSearch.c in Sources */ = {isa = PBXBuildFile; fileRef = 07172BF61DCF8A4A00294710 /* programMenuSearch.c */; };
		07172BFC1DCF8A7200294710 /* programMenuSort.c in Sources */ = {isa = PBXBuildFile; fileRef = 07172BFA1DCF8A7200294710 /* programMenuSort.c */; };
		071E709F1DBE206F0021E64D /* customGetInput.c in Sources */ = {isa = PBXBuildFile; fileRef = 071E709D1DBE206F0021E64D /* customGetInput.c */; };
		07235FAF1D8AB6FB00534408 /* main.c in Sources */ = {isa = PBXBuildFile; fileRef = 07235FAE1D8AB6FB00534408 /* main.c */; };
		0738FE701DB213F300312D03 /* programMenuEditRecord.c in Sources */ = {isa = PBXBuildFile; fileRef = 0738FE6F1DB213F300312D03 /* programMenuEditRecord.c */; };
		073EFC9D1DAD8694003EFF93 /* machineTime.c in Sources */ = {isa = PBXBuildFile; fileRef = 079805C81D8D2B1D00E32B52 /* machineTime.c */; };
		07B6A6AC1DB00F98004EEDB2 /* programMenuEdit.c in Sources */ = {isa = PBXBuildFile; fileRef = 07B6A6AA1DB00F98004EEDB2 /* programMenuEdit.c */; };
		07BA17161DCFD1DA008C35F5 /* programMenuSortChooseType.c in Sources */ = {isa = PBXBuildFile; fileRef = 07BA17141DCFD1DA008C35F5 /* programMenuSortChooseType.c */; };
		07BA17191DCFDA93008C35F5 /* searchInStruct.c in Sources */ = {isa = PBXBuildFile; fileRef = 07BA17171DCFDA93008C35F5 /* searchInStruct.c */; };
		07BA171F1DD0AA47008C35F5 /* programMenuDialog.c in Sources */ = {isa = PBXBuildFile; fileRef = 07BA171E1DD0AA47008C35F5 /* programMenuDialog.c */; };
		07BA17221DD132AB008C35F5 /* programMenuOpenFile.c in Sources */ = {isa = PBXBuildFile; fileRef = 07BA17201DD132AB008C35F5 /* programMenuOpenFile.c */; };
		07BA17251DD1E43D008C35F5 /* programMenuTempate.c in Sources */ = {isa = PBXBuildFile; fileRef = 07BA17241DD1E43D008C35F5 /* programMenuTempate.c */; };
		07DCE0571DBE916D00AED055 /* sortStruct.c in Sources */ = {isa = PBXBuildFile; fileRef = 07DCE0551DBE916D00AED055 /* sortStruct.c */; };
/* End PBXBuildFile section */

/* Begin PBXCopyFilesBuildPhase section */
		07235FA91D8AB6FA00534408 /* CopyFiles */ = {
			isa = PBXCopyFilesBuildPhase;
			buildActionMask = 2147483647;
			dstPath = /usr/share/man/man1/;
			dstSubfolderSpec = 0;
			files = (
			);
			runOnlyForDeploymentPostprocessing = 1;
		};
/* End PBXCopyFilesBuildPhase section */

/* Begin PBXFileReference section */
		0702C4041DAE51C6006C31C3 /* UnicodeMacOSLib.c */ = {isa = PBXFileReference; fileEncoding = 4; lastKnownFileType = sourcecode.c.c; name = UnicodeMacOSLib.c; path = ../UnicodeMacOSLib.c; sourceTree = "<group>"; };
		0702C4051DAE51C6006C31C3 /* UnicodeMacOSLib.h */ = {isa = PBXFileReference; fileEncoding = 4; lastKnownFileType = sourcecode.c.h; name = UnicodeMacOSLib.h; path = ../UnicodeMacOSLib.h; sourceTree = "<group>"; };
		0702C4071DAE5442006C31C3 /* customFileFunctions.c */ = {isa = PBXFileReference; fileEncoding = 4; lastKnownFileType = sourcecode.c.c; name = customFileFunctions.c; path = ../customFileFunctions.c; sourceTree = "<group>"; };
		0702C4081DAE5442006C31C3 /* customFileFunctions.h */ = {isa = PBXFileReference; fileEncoding = 4; lastKnownFileType = sourcecode.c.h; name = customFileFunctions.h; path = ../customFileFunctions.h; sourceTree = "<group>"; };
		0702C40A1DAE553C006C31C3 /* customString.c */ = {isa = PBXFileReference; fileEncoding = 4; lastKnownFileType = sourcecode.c.c; path = customString.c; sourceTree = "<group>"; };
		0702C40B1DAE553C006C31C3 /* customString.h */ = {isa = PBXFileReference; fileEncoding = 4; lastKnownFileType = sourcecode.c.h; path = customString.h; sourceTree = "<group>"; };
		0702C40D1DAE5720006C31C3 /* IMachineTime.c */ = {isa = PBXFileReference; fileEncoding = 4; lastKnownFileType = sourcecode.c.c; path = IMachineTime.c; sourceTree = "<group>"; };
		0702C40E1DAE5720006C31C3 /* IMachineTime.h */ = {isa = PBXFileReference; fileEncoding = 4; lastKnownFileType = sourcecode.c.h; path = IMachineTime.h; sourceTree = "<group>"; };
		0702C4141DAFDAE2006C31C3 /* saveMachineTimeStruct.c */ = {isa = PBXFileReference; fileEncoding = 4; lastKnownFileType = sourcecode.c.c; path = saveMachineTimeStruct.c; sourceTree = "<group>"; };
		0702C4161DAFDF84006C31C3 /* machineTimeStruct.h */ = {isa = PBXFileReference; lastKnownFileType = sourcecode.c.h; path = machineTimeStruct.h; sourceTree = "<group>"; };
		0702C4171DAFE168006C31C3 /* loadBinaryMachineTime.c */ = {isa = PBXFileReference; fileEncoding = 4; lastKnownFileType = sourcecode.c.c; path = loadBinaryMachineTime.c; sourceTree = "<group>"; };
		0702C4191DAFE1DA006C31C3 /* loadTableMachineTime.c */ = {isa = PBXFileReference; fileEncoding = 4; lastKnownFileType = sourcecode.c.c; path = loadTableMachineTime.c; sourceTree = "<group>"; };
		0702C41B1DAFE661006C31C3 /* getMachineTimeAsTable.c */ = {isa = PBXFileReference; fileEncoding = 4; lastKnownFileType = sourcecode.c.c; path = getMachineTimeAsTable.c; sourceTree = "<group>"; };
		0702C4281DAFEE2C006C31C3 /* programMenu.c */ = {isa = PBXFileReference; fileEncoding = 4; lastKnownFileType = sourcecode.c.c; name = programMenu.c; path = courseWork/programMenu.c; sourceTree = "<group>"; };
		0702C4291DAFEE2C006C31C3 /* programMenu.h */ = {isa = PBXFileReference; fileEncoding = 4; lastKnownFileType = sourcecode.c.h; name = programMenu.h; path = courseWork/programMenu.h; sourceTree = "<group>"; };
		0702C42A1DAFEE2C006C31C3 /* programMenuExtras.c */ = {isa = PBXFileReference; fileEncoding = 4; lastKnownFileType = sourcecode.c.c; name = programMenuExtras.c; path = courseWork/programMenuExtras.c; sourceTree = "<group>"; };
		0702C42B1DAFEE2C006C31C3 /* programMenuView.c */ = {isa = PBXFileReference; fileEncoding = 4; lastKnownFileType = sourcecode.c.c; name = programMenuView.c; path = courseWork/programMenuView.c; sourceTree = "<group>"; };
		0709791F1DCCFDF70086C181 /* programMenuAdd.c */ = {isa = PBXFileReference; fileEncoding = 4; lastKnownFileType = sourcecode.c.c; path = programMenuAdd.c; sourceTree = "<group>"; };
		070979201DCCFDF70086C181 /* programMenuAdd.h */ = {isa = PBXFileReference; fileEncoding = 4; lastKnownFileType = sourcecode.c.h; path = programMenuAdd.h; sourceTree = "<group>"; };
		070979231DCD17690086C181 /* programMenuConstants.h */ = {isa = PBXFileReference; lastKnownFileType = sourcecode.c.h; path = programMenuConstants.h; sourceTree = "<group>"; };
		07172BF61DCF8A4A00294710 /* programMenuSearch.c */ = {isa = PBXFileReference; fileEncoding = 4; lastKnownFileType = sourcecode.c.c; path = programMenuSearch.c; sourceTree = "<group>"; };
		07172BF71DCF8A4A00294710 /* programMenuSearch.h */ = {isa = PBXFileReference; fileEncoding = 4; lastKnownFileType = sourcecode.c.h; path = programMenuSearch.h; sourceTree = "<group>"; };
		07172BFA1DCF8A7200294710 /* programMenuSort.c */ = {isa = PBXFileReference; fileEncoding = 4; lastKnownFileType = sourcecode.c.c; path = programMenuSort.c; sourceTree = "<group>"; };
		071E709D1DBE206F0021E64D /* customGetInput.c */ = {isa = PBXFileReference; fileEncoding = 4; lastKnownFileType = sourcecode.c.c; path = customGetInput.c; sourceTree = "<group>"; };
		071E709E1DBE206F0021E64D /* customGetInput.h */ = {isa = PBXFileReference; fileEncoding = 4; lastKnownFileType = sourcecode.c.h; path = customGetInput.h; sourceTree = "<group>"; };
		071E70A01DBE3B5E0021E64D /* macKeys.h */ = {isa = PBXFileReference; lastKnownFileType = sourcecode.c.h; path = macKeys.h; sourceTree = "<group>"; };
		07235FAB1D8AB6FB00534408 /* courseWork */ = {isa = PBXFileReference; explicitFileType = "compiled.mach-o.executable"; includeInIndex = 0; path = courseWork; sourceTree = BUILT_PRODUCTS_DIR; };
		07235FAE1D8AB6FB00534408 /* main.c */ = {isa = PBXFileReference; lastKnownFileType = sourcecode.c.c; path = main.c; sourceTree = "<group>"; };
		0738FE6E1DB2136800312D03 /* programMenuEdit.h */ = {isa = PBXFileReference; fileEncoding = 4; lastKnownFileType = sourcecode.c.h; path = programMenuEdit.h; sourceTree = "<group>"; };
		0738FE6F1DB213F300312D03 /* programMenuEditRecord.c */ = {isa = PBXFileReference; fileEncoding = 4; lastKnownFileType = sourcecode.c.c; path = programMenuEditRecord.c; sourceTree = "<group>"; };
		079805C81D8D2B1D00E32B52 /* machineTime.c */ = {isa = PBXFileReference; fileEncoding = 4; lastKnownFileType = sourcecode.c.c; path = machineTime.c; sourceTree = "<group>"; };
		079805C91D8D2B1D00E32B52 /* machineTime.h */ = {isa = PBXFileReference; fileEncoding = 4; lastKnownFileType = sourcecode.c.h; path = machineTime.h; sourceTree = "<group>"; };
		07B6A6AA1DB00F98004EEDB2 /* programMenuEdit.c */ = {isa = PBXFileReference; fileEncoding = 4; lastKnownFileType = sourcecode.c.c; path = programMenuEdit.c; sourceTree = "<group>"; };
		07B6A6AD1DB01120004EEDB2 /* programMenuTableExtras.h */ = {isa = PBXFileReference; fileEncoding = 4; lastKnownFileType = sourcecode.c.h; name = programMenuTableExtras.h; path = courseWork/programMenuTableExtras.h; sourceTree = "<group>"; };
		07BA17141DCFD1DA008C35F5 /* programMenuSortChooseType.c */ = {isa = PBXFileReference; fileEncoding = 4; lastKnownFileType = sourcecode.c.c; path = programMenuSortChooseType.c; sourceTree = "<group>"; };
		07BA17171DCFDA93008C35F5 /* searchInStruct.c */ = {isa = PBXFileReference; fileEncoding = 4; lastKnownFileType = sourcecode.c.c; path = searchInStruct.c; sourceTree = "<group>"; };
		07BA171D1DCFDB34008C35F5 /* searchStruct.h */ = {isa = PBXFileReference; lastKnownFileType = sourcecode.c.h; path = searchStruct.h; sourceTree = "<group>"; };
		07BA171E1DD0AA47008C35F5 /* programMenuDialog.c */ = {isa = PBXFileReference; fileEncoding = 4; lastKnownFileType = sourcecode.c.c; name = programMenuDialog.c; path = courseWork/programMenuDialog.c; sourceTree = "<group>"; };
		07BA17201DD132AB008C35F5 /* programMenuOpenFile.c */ = {isa = PBXFileReference; fileEncoding = 4; lastKnownFileType = sourcecode.c.c; path = programMenuOpenFile.c; sourceTree = "<group>"; };
		07BA17241DD1E43D008C35F5 /* programMenuTempate.c */ = {isa = PBXFileReference; fileEncoding = 4; lastKnownFileType = sourcecode.c.c; name = programMenuTempate.c; path = courseWork/programMenuTempate.c; sourceTree = "<group>"; };
		07DCE0551DBE916D00AED055 /* sortStruct.c */ = {isa = PBXFileReference; fileEncoding = 4; lastKnownFileType = sourcecode.c.c; path = sortStruct.c; sourceTree = "<group>"; };
/* End PBXFileReference section */

/* Begin PBXFrameworksBuildPhase section */
		07235FA81D8AB6FA00534408 /* Frameworks */ = {
			isa = PBXFrameworksBuildPhase;
			buildActionMask = 2147483647;
			files = (
			);
			runOnlyForDeploymentPostprocessing = 0;
		};
/* End PBXFrameworksBuildPhase section */

/* Begin PBXGroup section */
		0702C4121DAFDA75006C31C3 /* machineTimeStruct */ = {
			isa = PBXGroup;
			children = (
				0702C4161DAFDF84006C31C3 /* machineTimeStruct.h */,
				079805C91D8D2B1D00E32B52 /* machineTime.h */,
				079805C81D8D2B1D00E32B52 /* machineTime.c */,
				0702C41B1DAFE661006C31C3 /* getMachineTimeAsTable.c */,
				0702C4141DAFDAE2006C31C3 /* saveMachineTimeStruct.c */,
				07BA171B1DCFDAD4008C35F5 /* Search */,
				07BA171C1DCFDAE3008C35F5 /* Load */,
				07BA171A1DCFDACC008C35F5 /* Sort */,
			);
			name = machineTimeStruct;
			sourceTree = "<group>";
		};
		0702C4131DAFDA9A006C31C3 /* Extras */ = {
			isa = PBXGroup;
			children = (
				071E709D1DBE206F0021E64D /* customGetInput.c */,
				071E709E1DBE206F0021E64D /* customGetInput.h */,
				071E70A01DBE3B5E0021E64D /* macKeys.h */,
				0702C4071DAE5442006C31C3 /* customFileFunctions.c */,
				0702C4081DAE5442006C31C3 /* customFileFunctions.h */,
				0702C4041DAE51C6006C31C3 /* UnicodeMacOSLib.c */,
				0702C4051DAE51C6006C31C3 /* UnicodeMacOSLib.h */,
				0702C40A1DAE553C006C31C3 /* customString.c */,
				0702C40B1DAE553C006C31C3 /* customString.h */,
			);
			name = Extras;
			sourceTree = "<group>";
		};
		0702C42F1DAFEE38006C31C3 /* programMenu */ = {
			isa = PBXGroup;
			children = (
				072FD4B41DD1E88500ACB66B /* Extras */,
				0738FE6C1DB1483300312D03 /* main */,
			);
			name = programMenu;
			path = ..;
			sourceTree = "<group>";
		};
		07080C1C1DD1E9DB0096A51A /* Main Menu */ = {
			isa = PBXGroup;
			children = (
				0702C4281DAFEE2C006C31C3 /* programMenu.c */,
				0702C4291DAFEE2C006C31C3 /* programMenu.h */,
			);
			name = "Main Menu";
			sourceTree = "<group>";
		};
		070979221DCCFE020086C181 /* Add */ = {
			isa = PBXGroup;
			children = (
				0709791F1DCCFDF70086C181 /* programMenuAdd.c */,
				070979201DCCFDF70086C181 /* programMenuAdd.h */,
			);
			name = Add;
			sourceTree = "<group>";
		};
		07172BF91DCF8A5300294710 /* Search */ = {
			isa = PBXGroup;
			children = (
				07172BF61DCF8A4A00294710 /* programMenuSearch.c */,
				07172BF71DCF8A4A00294710 /* programMenuSearch.h */,
			);
			name = Search;
			sourceTree = "<group>";
		};
		07172BFD1DCF8A7E00294710 /* Sort */ = {
			isa = PBXGroup;
			children = (
				07172BFA1DCF8A7200294710 /* programMenuSort.c */,
				07BA17141DCFD1DA008C35F5 /* programMenuSortChooseType.c */,
			);
			name = Sort;
			sourceTree = "<group>";
		};
		07235FA21D8AB6FA00534408 = {
			isa = PBXGroup;
			children = (
				07235FAC1D8AB6FB00534408 /* Products */,
				07235FAD1D8AB6FB00534408 /* courseWork */,
			);
			sourceTree = "<group>";
		};
		07235FAC1D8AB6FB00534408 /* Products */ = {
			isa = PBXGroup;
			children = (
				07235FAB1D8AB6FB00534408 /* courseWork */,
			);
			name = Products;
			sourceTree = "<group>";
		};
		07235FAD1D8AB6FB00534408 /* courseWork */ = {
			isa = PBXGroup;
			children = (
				0702C42F1DAFEE38006C31C3 /* programMenu */,
				0702C4121DAFDA75006C31C3 /* machineTimeStruct */,
				0702C40D1DAE5720006C31C3 /* IMachineTime.c */,
				0702C40E1DAE5720006C31C3 /* IMachineTime.h */,
				07235FAE1D8AB6FB00534408 /* main.c */,
				0702C4131DAFDA9A006C31C3 /* Extras */,
			);
			path = courseWork;
			sourceTree = "<group>";
		};
		072FD4B41DD1E88500ACB66B /* Extras */ = {
			isa = PBXGroup;
			children = (
				0702C42A1DAFEE2C006C31C3 /* programMenuExtras.c */,
				07BA171E1DD0AA47008C35F5 /* programMenuDialog.c */,
			);
			name = Extras;
			sourceTree = "<group>";
		};
		0738FE6C1DB1483300312D03 /* main */ = {
			isa = PBXGroup;
			children = (
				070979231DCD17690086C181 /* programMenuConstants.h */,
				07BA17241DD1E43D008C35F5 /* programMenuTempate.c */,
				07080C1C1DD1E9DB0096A51A /* Main Menu */,
				07BA17231DD132D9008C35F5 /* Open File */,
				0738FE6D1DB1484000312D03 /* View and Edit */,
				07172BFD1DCF8A7E00294710 /* Sort */,
				07172BF91DCF8A5300294710 /* Search */,
				070979221DCCFE020086C181 /* Add */,
			);
			name = main;
			sourceTree = "<group>";
		};
		0738FE6D1DB1484000312D03 /* View and Edit */ = {
			isa = PBXGroup;
			children = (
				07B6A6AD1DB01120004EEDB2 /* programMenuTableExtras.h */,
				0702C42B1DAFEE2C006C31C3 /* programMenuView.c */,
				0738FE721DB2144B00312D03 /* Edit */,
			);
			name = "View and Edit";
			sourceTree = "<group>";
		};
		0738FE721DB2144B00312D03 /* Edit */ = {
			isa = PBXGroup;
			children = (
				0738FE6E1DB2136800312D03 /* programMenuEdit.h */,
				07B6A6AA1DB00F98004EEDB2 /* programMenuEdit.c */,
				0738FE6F1DB213F300312D03 /* programMenuEditRecord.c */,
			);
			name = Edit;
			sourceTree = "<group>";
		};
		07BA171A1DCFDACC008C35F5 /* Sort */ = {
			isa = PBXGroup;
			children = (
				07DCE0551DBE916D00AED055 /* sortStruct.c */,
			);
			name = Sort;
			sourceTree = "<group>";
		};
		07BA171B1DCFDAD4008C35F5 /* Search */ = {
			isa = PBXGroup;
			children = (
				07BA171D1DCFDB34008C35F5 /* searchStruct.h */,
				07BA17171DCFDA93008C35F5 /* searchInStruct.c */,
			);
			name = Search;
			sourceTree = "<group>";
		};
		07BA171C1DCFDAE3008C35F5 /* Load */ = {
			isa = PBXGroup;
			children = (
				0702C4191DAFE1DA006C31C3 /* loadTableMachineTime.c */,
				0702C4171DAFE168006C31C3 /* loadBinaryMachineTime.c */,
			);
			name = Load;
			sourceTree = "<group>";
		};
		07BA17231DD132D9008C35F5 /* Open File */ = {
			isa = PBXGroup;
			children = (
				07BA17201DD132AB008C35F5 /* programMenuOpenFile.c */,
			);
			name = "Open File";
			sourceTree = "<group>";
		};
/* End PBXGroup section */

/* Begin PBXNativeTarget section */
		07235FAA1D8AB6FA00534408 /* courseWork */ = {
			isa = PBXNativeTarget;
			buildConfigurationList = 07235FB21D8AB6FB00534408 /* Build configuration list for PBXNativeTarget "courseWork" */;
			buildPhases = (
				07235FA71D8AB6FA00534408 /* Sources */,
				07235FA81D8AB6FA00534408 /* Frameworks */,
				07235FA91D8AB6FA00534408 /* CopyFiles */,
			);
			buildRules = (
			);
			dependencies = (
			);
			name = courseWork;
			productName = courseWork;
			productReference = 07235FAB1D8AB6FB00534408 /* courseWork */;
			productType = "com.apple.product-type.tool";
		};
/* End PBXNativeTarget section */

/* Begin PBXProject section */
		07235FA31D8AB6FA00534408 /* Project object */ = {
			isa = PBXProject;
			attributes = {
				LastUpgradeCheck = 0810;
				ORGANIZATIONNAME = "Денис Кулиев";
				TargetAttributes = {
					07235FAA1D8AB6FA00534408 = {
						CreatedOnToolsVersion = 8.0;
						ProvisioningStyle = Automatic;
					};
				};
			};
			buildConfigurationList = 07235FA61D8AB6FA00534408 /* Build configuration list for PBXProject "courseWork" */;
			compatibilityVersion = "Xcode 3.2";
			developmentRegion = English;
			hasScannedForEncodings = 0;
			knownRegions = (
				en,
			);
			mainGroup = 07235FA21D8AB6FA00534408;
			productRefGroup = 07235FAC1D8AB6FB00534408 /* Products */;
			projectDirPath = "";
			projectRoot = "";
			targets = (
				07235FAA1D8AB6FA00534408 /* courseWork */,
			);
		};
/* End PBXProject section */

/* Begin PBXSourcesBuildPhase section */
		07235FA71D8AB6FA00534408 /* Sources */ = {
			isa = PBXSourcesBuildPhase;
			buildActionMask = 2147483647;
			files = (
				0702C42D1DAFEE2C006C31C3 /* programMenuExtras.c in Sources */,
				0738FE701DB213F300312D03 /* programMenuEditRecord.c in Sources */,
				07BA17161DCFD1DA008C35F5 /* programMenuSortChooseType.c in Sources */,
				073EFC9D1DAD8694003EFF93 /* machineTime.c in Sources */,
				0702C42C1DAFEE2C006C31C3 /* programMenu.c in Sources */,
				07BA17221DD132AB008C35F5 /* programMenuOpenFile.c in Sources */,
				0702C4311DAFF26E006C31C3 /* programMenuView.c in Sources */,
				07172BF81DCF8A4A00294710 /* programMenuSearch.c in Sources */,
				0702C4151DAFDAE2006C31C3 /* saveMachineTimeStruct.c in Sources */,
				07DCE0571DBE916D00AED055 /* sortStruct.c in Sources */,
				0702C4181DAFE168006C31C3 /* loadBinaryMachineTime.c in Sources */,
				0702C41C1DAFE661006C31C3 /* getMachineTimeAsTable.c in Sources */,
				07BA17191DCFDA93008C35F5 /* searchInStruct.c in Sources */,
				07BA171F1DD0AA47008C35F5 /* programMenuDialog.c in Sources */,
				0702C41A1DAFE1DA006C31C3 /* loadTableMachineTime.c in Sources */,
				0702C40C1DAE553C006C31C3 /* customString.c in Sources */,
				07B6A6AC1DB00F98004EEDB2 /* programMenuEdit.c in Sources */,
				0702C4091DAE5442006C31C3 /* customFileFunctions.c in Sources */,
				071E709F1DBE206F0021E64D /* customGetInput.c in Sources */,
				07172BFC1DCF8A7200294710 /* programMenuSort.c in Sources */,
				07BA17251DD1E43D008C35F5 /* programMenuTempate.c in Sources */,
				0702C40F1DAE5720006C31C3 /* IMachineTime.c in Sources */,
				07235FAF1D8AB6FB00534408 /* main.c in Sources */,
				0702C4061DAE51C6006C31C3 /* UnicodeMacOSLib.c in Sources */,
				070979211DCCFDF70086C181 /* programMenuAdd.c in Sources */,
			);
			runOnlyForDeploymentPostprocessing = 0;
		};
/* End PBXSourcesBuildPhase section */

/* Begin XCBuildConfiguration section */
		07235FB01D8AB6FB00534408 /* Debug */ = {
			isa = XCBuildConfiguration;
			buildSettings = {
				ALWAYS_SEARCH_USER_PATHS = NO;
				CLANG_ANALYZER_NONNULL = YES;
				CLANG_CXX_LANGUAGE_STANDARD = "gnu++0x";
				CLANG_CXX_LIBRARY = "libc++";
				CLANG_ENABLE_MODULES = YES;
				CLANG_ENABLE_OBJC_ARC = YES;
				CLANG_WARN_BOOL_CONVERSION = YES;
				CLANG_WARN_CONSTANT_CONVERSION = YES;
				CLANG_WARN_DIRECT_OBJC_ISA_USAGE = YES_ERROR;
				CLANG_WARN_DOCUMENTATION_COMMENTS = YES;
				CLANG_WARN_EMPTY_BODY = YES;
				CLANG_WARN_ENUM_CONVERSION = YES;
				CLANG_WARN_INFINITE_RECURSION = YES;
				CLANG_WARN_INT_CONVERSION = YES;
				CLANG_WARN_OBJC_ROOT_CLASS = YES_ERROR;
				CLANG_WARN_SUSPICIOUS_MOVE = YES;
				CLANG_WARN_SUSPICIOUS_MOVES = YES;
				CLANG_WARN_UNREACHABLE_CODE = YES;
				CLANG_WARN__DUPLICATE_METHOD_MATCH = YES;
				CODE_SIGN_IDENTITY = "-";
				COPY_PHASE_STRIP = NO;
				DEBUG_INFORMATION_FORMAT = dwarf;
				ENABLE_STRICT_OBJC_MSGSEND = YES;
				ENABLE_TESTABILITY = YES;
				GCC_C_LANGUAGE_STANDARD = gnu99;
				GCC_DYNAMIC_NO_PIC = NO;
				GCC_NO_COMMON_BLOCKS = YES;
				GCC_OPTIMIZATION_LEVEL = 0;
				GCC_PREPROCESSOR_DEFINITIONS = (
					"DEBUG=1",
					"$(inherited)",
				);
				GCC_WARN_64_TO_32_BIT_CONVERSION = YES;
				GCC_WARN_ABOUT_RETURN_TYPE = YES_ERROR;
				GCC_WARN_UNDECLARED_SELECTOR = YES;
				GCC_WARN_UNINITIALIZED_AUTOS = YES_AGGRESSIVE;
				GCC_WARN_UNUSED_FUNCTION = YES;
				GCC_WARN_UNUSED_VARIABLE = YES;
				MACOSX_DEPLOYMENT_TARGET = 10.12;
				MTL_ENABLE_DEBUG_INFO = YES;
				ONLY_ACTIVE_ARCH = YES;
				SDKROOT = macosx;
			};
			name = Debug;
		};
		07235FB11D8AB6FB00534408 /* Release */ = {
			isa = XCBuildConfiguration;
			buildSettings = {
				ALWAYS_SEARCH_USER_PATHS = NO;
				CLANG_ANALYZER_NONNULL = YES;
				CLANG_CXX_LANGUAGE_STANDARD = "gnu++0x";
				CLANG_CXX_LIBRARY = "libc++";
				CLANG_ENABLE_MODULES = YES;
				CLANG_ENABLE_OBJC_ARC = YES;
				CLANG_WARN_BOOL_CONVERSION = YES;
				CLANG_WARN_CONSTANT_CONVERSION = YES;
				CLANG_WARN_DIRECT_OBJC_ISA_USAGE = YES_ERROR;
				CLANG_WARN_DOCUMENTATION_COMMENTS = YES;
				CLANG_WARN_EMPTY_BODY = YES;
				CLANG_WARN_ENUM_CONVERSION = YES;
				CLANG_WARN_INFINITE_RECURSION = YES;
				CLANG_WARN_INT_CONVERSION = YES;
				CLANG_WARN_OBJC_ROOT_CLASS = YES_ERROR;
				CLANG_WARN_SUSPICIOUS_MOVE = YES;
				CLANG_WARN_SUSPICIOUS_MOVES = YES;
				CLANG_WARN_UNREACHABLE_CODE = YES;
				CLANG_WARN__DUPLICATE_METHOD_MATCH = YES;
				CODE_SIGN_IDENTITY = "-";
				COPY_PHASE_STRIP = NO;
				DEBUG_INFORMATION_FORMAT = "dwarf-with-dsym";
				ENABLE_NS_ASSERTIONS = NO;
				ENABLE_STRICT_OBJC_MSGSEND = YES;
				GCC_C_LANGUAGE_STANDARD = gnu99;
				GCC_NO_COMMON_BLOCKS = YES;
				GCC_WARN_64_TO_32_BIT_CONVERSION = YES;
				GCC_WARN_ABOUT_RETURN_TYPE = YES_ERROR;
				GCC_WARN_UNDECLARED_SELECTOR = YES;
				GCC_WARN_UNINITIALIZED_AUTOS = YES_AGGRESSIVE;
				GCC_WARN_UNUSED_FUNCTION = YES;
				GCC_WARN_UNUSED_VARIABLE = YES;
				MACOSX_DEPLOYMENT_TARGET = 10.12;
				MTL_ENABLE_DEBUG_INFO = NO;
				SDKROOT = macosx;
			};
			name = Release;
		};
		07235FB31D8AB6FB00534408 /* Debug */ = {
			isa = XCBuildConfiguration;
			buildSettings = {
				GENERATE_MASTER_OBJECT_FILE = NO;
				OTHER_LDFLAGS = "-lncurses";
				PRODUCT_NAME = "$(TARGET_NAME)";
				STRINGS_FILE_OUTPUT_ENCODING = "UTF-8";
			};
			name = Debug;
		};
		07235FB41D8AB6FB00534408 /* Release */ = {
			isa = XCBuildConfiguration;
			buildSettings = {
				GENERATE_MASTER_OBJECT_FILE = NO;
				OTHER_LDFLAGS = "-lncurses";
				PRODUCT_NAME = "$(TARGET_NAME)";
				STRINGS_FILE_OUTPUT_ENCODING = "UTF-8";
			};
			name = Release;
		};
/* End XCBuildConfiguration section */

/* Begin XCConfigurationList section */
		07235FA61D8AB6FA00534408 /* Build configuration list for PBXProject "courseWork" */ = {
			isa = XCConfigurationList;
			buildConfigurations = (
				07235FB01D8AB6FB00534408 /* Debug */,
				07235FB11D8AB6FB00534408 /* Release */,
			);
			defaultConfigurationIsVisible = 0;
			defaultConfigurationName = Release;
		};
		07235FB21D8AB6FB00534408 /* Build configuration list for PBXNativeTarget "courseWork" */ = {
			isa = XCConfigurationList;
			buildConfigurations = (
				07235FB31D8AB6FB00534408 /* Debug */,
				07235FB41D8AB6FB00534408 /* Release */,
			);
			defaultConfigurationIsVisible = 0;
			defaultConfigurationName = Release;
		};
/* End XCConfigurationList section */
	};
	rootObject = 07235FA31D8AB6FA00534408 /* Project object */;
}
