// !$*UTF8*$!
{
	archiveVersion = 1;
	classes = {
	};
	objectVersion = 46;
	objects = {

/* Begin PBXBuildFile section */
		07235FAF1D8AB6FB00534408 /* main.c in Sources */ = {isa = PBXBuildFile; fileRef = 07235FAE1D8AB6FB00534408 /* main.c */; };
		079805CA1D8D2B1D00E32B52 /* machine_time.c in Sources */ = {isa = PBXBuildFile; fileRef = 079805C81D8D2B1D00E32B52 /* machine_time.c */; };
		07EA05631D8ADBA70017FDE6 /* program_menu.c in Sources */ = {isa = PBXBuildFile; fileRef = 07EA05611D8ADBA70017FDE6 /* program_menu.c */; };
/* End PBXBuildFile section */

/* Begin PBXCopyFilesBuildPhase section */
		07235FA91D8AB6FA00534408 /* CopyFiles */ = {
			isa = PBXCopyFilesBuildPhase;
			buildActionMask = 2147483647;
			dstPath = /usr/share/man/man1/;
			dstSubfolderSpec = 0;
			files = (
			);
			runOnlyForDeploymentPostprocessing = 1;
		};
/* End PBXCopyFilesBuildPhase section */

/* Begin PBXFileReference section */
		07235FAB1D8AB6FB00534408 /* courseWork */ = {isa = PBXFileReference; explicitFileType = "compiled.mach-o.executable"; includeInIndex = 0; path = courseWork; sourceTree = BUILT_PRODUCTS_DIR; };
		07235FAE1D8AB6FB00534408 /* main.c */ = {isa = PBXFileReference; lastKnownFileType = sourcecode.c.c; path = main.c; sourceTree = "<group>"; };
		079805C81D8D2B1D00E32B52 /* machine_time.c */ = {isa = PBXFileReference; fileEncoding = 4; lastKnownFileType = sourcecode.c.c; path = machine_time.c; sourceTree = "<group>"; };
		079805C91D8D2B1D00E32B52 /* machine_time.h */ = {isa = PBXFileReference; fileEncoding = 4; lastKnownFileType = sourcecode.c.h; path = machine_time.h; sourceTree = "<group>"; };
		07EA05611D8ADBA70017FDE6 /* program_menu.c */ = {isa = PBXFileReference; fileEncoding = 4; lastKnownFileType = sourcecode.c.c; path = program_menu.c; sourceTree = "<group>"; };
		07EA05621D8ADBA70017FDE6 /* program_menu.h */ = {isa = PBXFileReference; fileEncoding = 4; lastKnownFileType = sourcecode.c.h; path = program_menu.h; sourceTree = "<group>"; };
/* End PBXFileReference section */

/* Begin PBXFrameworksBuildPhase section */
		07235FA81D8AB6FA00534408 /* Frameworks */ = {
			isa = PBXFrameworksBuildPhase;
			buildActionMask = 2147483647;
			files = (
			);
			runOnlyForDeploymentPostprocessing = 0;
		};
/* End PBXFrameworksBuildPhase section */

/* Begin PBXGroup section */
		07235FA21D8AB6FA00534408 = {
			isa = PBXGroup;
			children = (
				07235FAD1D8AB6FB00534408 /* courseWork */,
				07235FAC1D8AB6FB00534408 /* Products */,
			);
			sourceTree = "<group>";
		};
		07235FAC1D8AB6FB00534408 /* Products */ = {
			isa = PBXGroup;
			children = (
				07235FAB1D8AB6FB00534408 /* courseWork */,
			);
			name = Products;
			sourceTree = "<group>";
		};
		07235FAD1D8AB6FB00534408 /* courseWork */ = {
			isa = PBXGroup;
			children = (
				079805C91D8D2B1D00E32B52 /* machine_time.h */,
				079805C81D8D2B1D00E32B52 /* machine_time.c */,
				07235FAE1D8AB6FB00534408 /* main.c */,
				07EA05611D8ADBA70017FDE6 /* program_menu.c */,
				07EA05621D8ADBA70017FDE6 /* program_menu.h */,
			);
			path = courseWork;
			sourceTree = "<group>";
		};
/* End PBXGroup section */

/* Begin PBXNativeTarget section */
		07235FAA1D8AB6FA00534408 /* courseWork */ = {
			isa = PBXNativeTarget;
			buildConfigurationList = 07235FB21D8AB6FB00534408 /* Build configuration list for PBXNativeTarget "courseWork" */;
			buildPhases = (
				07235FA71D8AB6FA00534408 /* Sources */,
				07235FA81D8AB6FA00534408 /* Frameworks */,
				07235FA91D8AB6FA00534408 /* CopyFiles */,
			);
			buildRules = (
			);
			dependencies = (
			);
			name = courseWork;
			productName = courseWork;
			productReference = 07235FAB1D8AB6FB00534408 /* courseWork */;
			productType = "com.apple.product-type.tool";
		};
/* End PBXNativeTarget section */

/* Begin PBXProject section */
		07235FA31D8AB6FA00534408 /* Project object */ = {
			isa = PBXProject;
			attributes = {
				LastUpgradeCheck = 0800;
				ORGANIZATIONNAME = "Денис Кулиев";
				TargetAttributes = {
					07235FAA1D8AB6FA00534408 = {
						CreatedOnToolsVersion = 8.0;
						ProvisioningStyle = Automatic;
					};
				};
			};
			buildConfigurationList = 07235FA61D8AB6FA00534408 /* Build configuration list for PBXProject "courseWork" */;
			compatibilityVersion = "Xcode 3.2";
			developmentRegion = English;
			hasScannedForEncodings = 0;
			knownRegions = (
				en,
			);
			mainGroup = 07235FA21D8AB6FA00534408;
			productRefGroup = 07235FAC1D8AB6FB00534408 /* Products */;
			projectDirPath = "";
			projectRoot = "";
			targets = (
				07235FAA1D8AB6FA00534408 /* courseWork */,
			);
		};
/* End PBXProject section */

/* Begin PBXSourcesBuildPhase section */
		07235FA71D8AB6FA00534408 /* Sources */ = {
			isa = PBXSourcesBuildPhase;
			buildActionMask = 2147483647;
			files = (
				079805CA1D8D2B1D00E32B52 /* machine_time.c in Sources */,
				07EA05631D8ADBA70017FDE6 /* program_menu.c in Sources */,
				07235FAF1D8AB6FB00534408 /* main.c in Sources */,
			);
			runOnlyForDeploymentPostprocessing = 0;
		};
/* End PBXSourcesBuildPhase section */

/* Begin XCBuildConfiguration section */
		07235FB01D8AB6FB00534408 /* Debug */ = {
			isa = XCBuildConfiguration;
			buildSettings = {
				ALWAYS_SEARCH_USER_PATHS = NO;
				CLANG_ANALYZER_NONNULL = YES;
				CLANG_CXX_LANGUAGE_STANDARD = "gnu++0x";
				CLANG_CXX_LIBRARY = "libc++";
				CLANG_ENABLE_MODULES = YES;
				CLANG_ENABLE_OBJC_ARC = YES;
				CLANG_WARN_BOOL_CONVERSION = YES;
				CLANG_WARN_CONSTANT_CONVERSION = YES;
				CLANG_WARN_DIRECT_OBJC_ISA_USAGE = YES_ERROR;
				CLANG_WARN_DOCUMENTATION_COMMENTS = YES;
				CLANG_WARN_EMPTY_BODY = YES;
				CLANG_WARN_ENUM_CONVERSION = YES;
				CLANG_WARN_INFINITE_RECURSION = YES;
				CLANG_WARN_INT_CONVERSION = YES;
				CLANG_WARN_OBJC_ROOT_CLASS = YES_ERROR;
				CLANG_WARN_SUSPICIOUS_MOVES = YES;
				CLANG_WARN_UNREACHABLE_CODE = YES;
				CLANG_WARN__DUPLICATE_METHOD_MATCH = YES;
				CODE_SIGN_IDENTITY = "-";
				COPY_PHASE_STRIP = NO;
				DEBUG_INFORMATION_FORMAT = dwarf;
				ENABLE_STRICT_OBJC_MSGSEND = YES;
				ENABLE_TESTABILITY = YES;
				GCC_C_LANGUAGE_STANDARD = gnu99;
				GCC_DYNAMIC_NO_PIC = NO;
				GCC_NO_COMMON_BLOCKS = YES;
				GCC_OPTIMIZATION_LEVEL = 0;
				GCC_PREPROCESSOR_DEFINITIONS = (
					"DEBUG=1",
					"$(inherited)",
				);
				GCC_WARN_64_TO_32_BIT_CONVERSION = YES;
				GCC_WARN_ABOUT_RETURN_TYPE = YES_ERROR;
				GCC_WARN_UNDECLARED_SELECTOR = YES;
				GCC_WARN_UNINITIALIZED_AUTOS = YES_AGGRESSIVE;
				GCC_WARN_UNUSED_FUNCTION = YES;
				GCC_WARN_UNUSED_VARIABLE = YES;
				MACOSX_DEPLOYMENT_TARGET = 10.12;
				MTL_ENABLE_DEBUG_INFO = YES;
				ONLY_ACTIVE_ARCH = YES;
				SDKROOT = macosx;
			};
			name = Debug;
		};
		07235FB11D8AB6FB00534408 /* Release */ = {
			isa = XCBuildConfiguration;
			buildSettings = {
				ALWAYS_SEARCH_USER_PATHS = NO;
				CLANG_ANALYZER_NONNULL = YES;
				CLANG_CXX_LANGUAGE_STANDARD = "gnu++0x";
				CLANG_CXX_LIBRARY = "libc++";
				CLANG_ENABLE_MODULES = YES;
				CLANG_ENABLE_OBJC_ARC = YES;
				CLANG_WARN_BOOL_CONVERSION = YES;
				CLANG_WARN_CONSTANT_CONVERSION = YES;
				CLANG_WARN_DIRECT_OBJC_ISA_USAGE = YES_ERROR;
				CLANG_WARN_DOCUMENTATION_COMMENTS = YES;
				CLANG_WARN_EMPTY_BODY = YES;
				CLANG_WARN_ENUM_CONVERSION = YES;
				CLANG_WARN_INFINITE_RECURSION = YES;
				CLANG_WARN_INT_CONVERSION = YES;
				CLANG_WARN_OBJC_ROOT_CLASS = YES_ERROR;
				CLANG_WARN_SUSPICIOUS_MOVES = YES;
				CLANG_WARN_UNREACHABLE_CODE = YES;
				CLANG_WARN__DUPLICATE_METHOD_MATCH = YES;
				CODE_SIGN_IDENTITY = "-";
				COPY_PHASE_STRIP = NO;
				DEBUG_INFORMATION_FORMAT = "dwarf-with-dsym";
				ENABLE_NS_ASSERTIONS = NO;
				ENABLE_STRICT_OBJC_MSGSEND = YES;
				GCC_C_LANGUAGE_STANDARD = gnu99;
				GCC_NO_COMMON_BLOCKS = YES;
				GCC_WARN_64_TO_32_BIT_CONVERSION = YES;
				GCC_WARN_ABOUT_RETURN_TYPE = YES_ERROR;
				GCC_WARN_UNDECLARED_SELECTOR = YES;
				GCC_WARN_UNINITIALIZED_AUTOS = YES_AGGRESSIVE;
				GCC_WARN_UNUSED_FUNCTION = YES;
				GCC_WARN_UNUSED_VARIABLE = YES;
				MACOSX_DEPLOYMENT_TARGET = 10.12;
				MTL_ENABLE_DEBUG_INFO = NO;
				SDKROOT = macosx;
			};
			name = Release;
		};
		07235FB31D8AB6FB00534408 /* Debug */ = {
			isa = XCBuildConfiguration;
			buildSettings = {
				GENERATE_MASTER_OBJECT_FILE = NO;
				OTHER_LDFLAGS = "-lncurses";
				PRODUCT_NAME = "$(TARGET_NAME)";
				STRINGS_FILE_OUTPUT_ENCODING = "UTF-8";
			};
			name = Debug;
		};
		07235FB41D8AB6FB00534408 /* Release */ = {
			isa = XCBuildConfiguration;
			buildSettings = {
				GENERATE_MASTER_OBJECT_FILE = NO;
				OTHER_LDFLAGS = "-lncurses";
				PRODUCT_NAME = "$(TARGET_NAME)";
				STRINGS_FILE_OUTPUT_ENCODING = "UTF-8";
			};
			name = Release;
		};
/* End XCBuildConfiguration section */

/* Begin XCConfigurationList section */
		07235FA61D8AB6FA00534408 /* Build configuration list for PBXProject "courseWork" */ = {
			isa = XCConfigurationList;
			buildConfigurations = (
				07235FB01D8AB6FB00534408 /* Debug */,
				07235FB11D8AB6FB00534408 /* Release */,
			);
			defaultConfigurationIsVisible = 0;
			defaultConfigurationName = Release;
		};
		07235FB21D8AB6FB00534408 /* Build configuration list for PBXNativeTarget "courseWork" */ = {
			isa = XCConfigurationList;
			buildConfigurations = (
				07235FB31D8AB6FB00534408 /* Debug */,
				07235FB41D8AB6FB00534408 /* Release */,
			);
			defaultConfigurationIsVisible = 0;
			defaultConfigurationName = Release;
		};
/* End XCConfigurationList section */
	};
	rootObject = 07235FA31D8AB6FA00534408 /* Project object */;
}
